// !$*UTF8*$!
{
	archiveVersion = 1;
	classes = {
	};
	objectVersion = 50;
	objects = {

/* Begin PBXBuildFile section */
		C979D3622403B1EE0086A6C5 /* AppDelegate.m in Sources */ = {isa = PBXBuildFile; fileRef = C979D3612403B1EE0086A6C5 /* AppDelegate.m */; };
		C979D3652403B1EE0086A6C5 /* SceneDelegate.m in Sources */ = {isa = PBXBuildFile; fileRef = C979D3642403B1EE0086A6C5 /* SceneDelegate.m */; };
		C979D3682403B1EE0086A6C5 /* ViewController.m in Sources */ = {isa = PBXBuildFile; fileRef = C979D3672403B1EE0086A6C5 /* ViewController.m */; };
		C979D36B2403B1EE0086A6C5 /* Main.storyboard in Resources */ = {isa = PBXBuildFile; fileRef = C979D3692403B1EE0086A6C5 /* Main.storyboard */; };
		C979D36D2403B1F10086A6C5 /* Assets.xcassets in Resources */ = {isa = PBXBuildFile; fileRef = C979D36C2403B1F10086A6C5 /* Assets.xcassets */; };
		C979D3702403B1F10086A6C5 /* LaunchScreen.storyboard in Resources */ = {isa = PBXBuildFile; fileRef = C979D36E2403B1F10086A6C5 /* LaunchScreen.storyboard */; };
		C979D3732403B1F10086A6C5 /* main.m in Sources */ = {isa = PBXBuildFile; fileRef = C979D3722403B1F10086A6C5 /* main.m */; };
		C979D37C2403B2570086A6C5 /* VTextLayout.m in Sources */ = {isa = PBXBuildFile; fileRef = C979D37B2403B2570086A6C5 /* VTextLayout.m */; };
		C979D37F2403B30B0086A6C5 /* VTextLine.m in Sources */ = {isa = PBXBuildFile; fileRef = C979D37E2403B30B0086A6C5 /* VTextLine.m */; };
		C979D3822403B3240086A6C5 /* VTextUtilities.m in Sources */ = {isa = PBXBuildFile; fileRef = C979D3812403B3240086A6C5 /* VTextUtilities.m */; };
		C979D3852403B3620086A6C5 /* VTextView.m in Sources */ = {isa = PBXBuildFile; fileRef = C979D3842403B3620086A6C5 /* VTextView.m */; };
/* End PBXBuildFile section */

/* Begin PBXFileReference section */
		C979D35D2403B1EE0086A6C5 /* VerticalTextView.app */ = {isa = PBXFileReference; explicitFileType = wrapper.application; includeInIndex = 0; path = VerticalTextView.app; sourceTree = BUILT_PRODUCTS_DIR; };
		C979D3602403B1EE0086A6C5 /* AppDelegate.h */ = {isa = PBXFileReference; lastKnownFileType = sourcecode.c.h; path = AppDelegate.h; sourceTree = "<group>"; };
		C979D3612403B1EE0086A6C5 /* AppDelegate.m */ = {isa = PBXFileReference; lastKnownFileType = sourcecode.c.objc; path = AppDelegate.m; sourceTree = "<group>"; };
		C979D3632403B1EE0086A6C5 /* SceneDelegate.h */ = {isa = PBXFileReference; lastKnownFileType = sourcecode.c.h; path = SceneDelegate.h; sourceTree = "<group>"; };
		C979D3642403B1EE0086A6C5 /* SceneDelegate.m */ = {isa = PBXFileReference; lastKnownFileType = sourcecode.c.objc; path = SceneDelegate.m; sourceTree = "<group>"; };
		C979D3662403B1EE0086A6C5 /* ViewController.h */ = {isa = PBXFileReference; lastKnownFileType = sourcecode.c.h; path = ViewController.h; sourceTree = "<group>"; };
		C979D3672403B1EE0086A6C5 /* ViewController.m */ = {isa = PBXFileReference; lastKnownFileType = sourcecode.c.objc; path = ViewController.m; sourceTree = "<group>"; };
		C979D36A2403B1EE0086A6C5 /* Base */ = {isa = PBXFileReference; lastKnownFileType = file.storyboard; name = Base; path = Base.lproj/Main.storyboard; sourceTree = "<group>"; };
		C979D36C2403B1F10086A6C5 /* Assets.xcassets */ = {isa = PBXFileReference; lastKnownFileType = folder.assetcatalog; path = Assets.xcassets; sourceTree = "<group>"; };
		C979D36F2403B1F10086A6C5 /* Base */ = {isa = PBXFileReference; lastKnownFileType = file.storyboard; name = Base; path = Base.lproj/LaunchScreen.storyboard; sourceTree = "<group>"; };
		C979D3712403B1F10086A6C5 /* Info.plist */ = {isa = PBXFileReference; lastKnownFileType = text.plist.xml; path = Info.plist; sourceTree = "<group>"; };
		C979D3722403B1F10086A6C5 /* main.m */ = {isa = PBXFileReference; lastKnownFileType = sourcecode.c.objc; path = main.m; sourceTree = "<group>"; };
		C979D37A2403B2570086A6C5 /* VTextLayout.h */ = {isa = PBXFileReference; lastKnownFileType = sourcecode.c.h; path = VTextLayout.h; sourceTree = "<group>"; };
		C979D37B2403B2570086A6C5 /* VTextLayout.m */ = {isa = PBXFileReference; lastKnownFileType = sourcecode.c.objc; path = VTextLayout.m; sourceTree = "<group>"; };
		C979D37D2403B30B0086A6C5 /* VTextLine.h */ = {isa = PBXFileReference; lastKnownFileType = sourcecode.c.h; path = VTextLine.h; sourceTree = "<group>"; };
		C979D37E2403B30B0086A6C5 /* VTextLine.m */ = {isa = PBXFileReference; lastKnownFileType = sourcecode.c.objc; path = VTextLine.m; sourceTree = "<group>"; };
		C979D3802403B3240086A6C5 /* VTextUtilities.h */ = {isa = PBXFileReference; lastKnownFileType = sourcecode.c.h; path = VTextUtilities.h; sourceTree = "<group>"; };
		C979D3812403B3240086A6C5 /* VTextUtilities.m */ = {isa = PBXFileReference; lastKnownFileType = sourcecode.c.objc; path = VTextUtilities.m; sourceTree = "<group>"; };
		C979D3832403B3620086A6C5 /* VTextView.h */ = {isa = PBXFileReference; lastKnownFileType = sourcecode.c.h; path = VTextView.h; sourceTree = "<group>"; };
		C979D3842403B3620086A6C5 /* VTextView.m */ = {isa = PBXFileReference; lastKnownFileType = sourcecode.c.objc; path = VTextView.m; sourceTree = "<group>"; };
/* End PBXFileReference section */

/* Begin PBXFrameworksBuildPhase section */
		C979D35A2403B1EE0086A6C5 /* Frameworks */ = {
			isa = PBXFrameworksBuildPhase;
			buildActionMask = 2147483647;
			files = (
			);
			runOnlyForDeploymentPostprocessing = 0;
		};
/* End PBXFrameworksBuildPhase section */

/* Begin PBXGroup section */
		C979D3542403B1EE0086A6C5 = {
			isa = PBXGroup;
			children = (
				C979D3792403B21F0086A6C5 /* VerticalText */,
				C979D35F2403B1EE0086A6C5 /* VerticalTextView */,
				C979D35E2403B1EE0086A6C5 /* Products */,
			);
			sourceTree = "<group>";
		};
		C979D35E2403B1EE0086A6C5 /* Products */ = {
			isa = PBXGroup;
			children = (
				C979D35D2403B1EE0086A6C5 /* VerticalTextView.app */,
			);
			name = Products;
			sourceTree = "<group>";
		};
		C979D35F2403B1EE0086A6C5 /* VerticalTextView */ = {
			isa = PBXGroup;
			children = (
				C979D3602403B1EE0086A6C5 /* AppDelegate.h */,
				C979D3612403B1EE0086A6C5 /* AppDelegate.m */,
				C979D3632403B1EE0086A6C5 /* SceneDelegate.h */,
				C979D3642403B1EE0086A6C5 /* SceneDelegate.m */,
				C979D3662403B1EE0086A6C5 /* ViewController.h */,
				C979D3672403B1EE0086A6C5 /* ViewController.m */,
				C979D3692403B1EE0086A6C5 /* Main.storyboard */,
				C979D36C2403B1F10086A6C5 /* Assets.xcassets */,
				C979D36E2403B1F10086A6C5 /* LaunchScreen.storyboard */,
				C979D3712403B1F10086A6C5 /* Info.plist */,
				C979D3722403B1F10086A6C5 /* main.m */,
			);
			path = VerticalTextView;
			sourceTree = "<group>";
		};
		C979D3792403B21F0086A6C5 /* VerticalText */ = {
			isa = PBXGroup;
			children = (
				C979D37A2403B2570086A6C5 /* VTextLayout.h */,
				C979D37B2403B2570086A6C5 /* VTextLayout.m */,
				C979D37D2403B30B0086A6C5 /* VTextLine.h */,
				C979D37E2403B30B0086A6C5 /* VTextLine.m */,
				C979D3802403B3240086A6C5 /* VTextUtilities.h */,
				C979D3812403B3240086A6C5 /* VTextUtilities.m */,
				C979D3832403B3620086A6C5 /* VTextView.h */,
				C979D3842403B3620086A6C5 /* VTextView.m */,
			);
			name = VerticalText;
			path = VerticalTextView/VerticalText;
			sourceTree = "<group>";
		};
/* End PBXGroup section */

/* Begin PBXNativeTarget section */
		C979D35C2403B1EE0086A6C5 /* VerticalTextView */ = {
			isa = PBXNativeTarget;
			buildConfigurationList = C979D3762403B1F10086A6C5 /* Build configuration list for PBXNativeTarget "VerticalTextView" */;
			buildPhases = (
				C979D3592403B1EE0086A6C5 /* Sources */,
				C979D35A2403B1EE0086A6C5 /* Frameworks */,
				C979D35B2403B1EE0086A6C5 /* Resources */,
			);
			buildRules = (
			);
			dependencies = (
			);
			name = VerticalTextView;
			productName = VerticalTextView;
			productReference = C979D35D2403B1EE0086A6C5 /* VerticalTextView.app */;
			productType = "com.apple.product-type.application";
		};
/* End PBXNativeTarget section */

/* Begin PBXProject section */
		C979D3552403B1EE0086A6C5 /* Project object */ = {
			isa = PBXProject;
			attributes = {
				LastUpgradeCheck = 1130;
				ORGANIZATIONNAME = "shao xionghua";
				TargetAttributes = {
					C979D35C2403B1EE0086A6C5 = {
						CreatedOnToolsVersion = 11.3.1;
					};
				};
			};
			buildConfigurationList = C979D3582403B1EE0086A6C5 /* Build configuration list for PBXProject "VerticalTextView" */;
			compatibilityVersion = "Xcode 9.3";
			developmentRegion = en;
			hasScannedForEncodings = 0;
			knownRegions = (
				en,
				Base,
			);
			mainGroup = C979D3542403B1EE0086A6C5;
			productRefGroup = C979D35E2403B1EE0086A6C5 /* Products */;
			projectDirPath = "";
			projectRoot = "";
			targets = (
				C979D35C2403B1EE0086A6C5 /* VerticalTextView */,
			);
		};
/* End PBXProject section */

/* Begin PBXResourcesBuildPhase section */
		C979D35B2403B1EE0086A6C5 /* Resources */ = {
			isa = PBXResourcesBuildPhase;
			buildActionMask = 2147483647;
			files = (
				C979D3702403B1F10086A6C5 /* LaunchScreen.storyboard in Resources */,
				C979D36D2403B1F10086A6C5 /* Assets.xcassets in Resources */,
				C979D36B2403B1EE0086A6C5 /* Main.storyboard in Resources */,
			);
			runOnlyForDeploymentPostprocessing = 0;
		};
/* End PBXResourcesBuildPhase section */

/* Begin PBXSourcesBuildPhase section */
		C979D3592403B1EE0086A6C5 /* Sources */ = {
			isa = PBXSourcesBuildPhase;
			buildActionMask = 2147483647;
			files = (
				C979D3682403B1EE0086A6C5 /* ViewController.m in Sources */,
				C979D3622403B1EE0086A6C5 /* AppDelegate.m in Sources */,
				C979D37C2403B2570086A6C5 /* VTextLayout.m in Sources */,
				C979D3732403B1F10086A6C5 /* main.m in Sources */,
				C979D3852403B3620086A6C5 /* VTextView.m in Sources */,
				C979D3822403B3240086A6C5 /* VTextUtilities.m in Sources */,
				C979D3652403B1EE0086A6C5 /* SceneDelegate.m in Sources */,
				C979D37F2403B30B0086A6C5 /* VTextLine.m in Sources */,
			);
			runOnlyForDeploymentPostprocessing = 0;
		};
/* End PBXSourcesBuildPhase section */

/* Begin PBXVariantGroup section */
		C979D3692403B1EE0086A6C5 /* Main.storyboard */ = {
			isa = PBXVariantGroup;
			children = (
				C979D36A2403B1EE0086A6C5 /* Base */,
			);
			name = Main.storyboard;
			sourceTree = "<group>";
		};
		C979D36E2403B1F10086A6C5 /* LaunchScreen.storyboard */ = {
			isa = PBXVariantGroup;
			children = (
				C979D36F2403B1F10086A6C5 /* Base */,
			);
			name = LaunchScreen.storyboard;
			sourceTree = "<group>";
		};
/* End PBXVariantGroup section */

/* Begin XCBuildConfiguration section */
		C979D3742403B1F10086A6C5 /* Debug */ = {
			isa = XCBuildConfiguration;
			buildSettings = {
				ALWAYS_SEARCH_USER_PATHS = NO;
				CLANG_ANALYZER_NONNULL = YES;
				CLANG_ANALYZER_NUMBER_OBJECT_CONVERSION = YES_AGGRESSIVE;
				CLANG_CXX_LANGUAGE_STANDARD = "gnu++14";
				CLANG_CXX_LIBRARY = "libc++";
				CLANG_ENABLE_MODULES = YES;
				CLANG_ENABLE_OBJC_ARC = YES;
				CLANG_ENABLE_OBJC_WEAK = YES;
				CLANG_WARN_BLOCK_CAPTURE_AUTORELEASING = YES;
				CLANG_WARN_BOOL_CONVERSION = YES;
				CLANG_WARN_COMMA = YES;
				CLANG_WARN_CONSTANT_CONVERSION = YES;
				CLANG_WARN_DEPRECATED_OBJC_IMPLEMENTATIONS = YES;
				CLANG_WARN_DIRECT_OBJC_ISA_USAGE = YES_ERROR;
				CLANG_WARN_DOCUMENTATION_COMMENTS = YES;
				CLANG_WARN_EMPTY_BODY = YES;
				CLANG_WARN_ENUM_CONVERSION = YES;
				CLANG_WARN_INFINITE_RECURSION = YES;
				CLANG_WARN_INT_CONVERSION = YES;
				CLANG_WARN_NON_LITERAL_NULL_CONVERSION = YES;
				CLANG_WARN_OBJC_IMPLICIT_RETAIN_SELF = YES;
				CLANG_WARN_OBJC_LITERAL_CONVERSION = YES;
				CLANG_WARN_OBJC_ROOT_CLASS = YES_ERROR;
				CLANG_WARN_RANGE_LOOP_ANALYSIS = YES;
				CLANG_WARN_STRICT_PROTOTYPES = YES;
				CLANG_WARN_SUSPICIOUS_MOVE = YES;
				CLANG_WARN_UNGUARDED_AVAILABILITY = YES_AGGRESSIVE;
				CLANG_WARN_UNREACHABLE_CODE = YES;
				CLANG_WARN__DUPLICATE_METHOD_MATCH = YES;
				COPY_PHASE_STRIP = NO;
				DEBUG_INFORMATION_FORMAT = dwarf;
				ENABLE_STRICT_OBJC_MSGSEND = YES;
				ENABLE_TESTABILITY = YES;
				GCC_C_LANGUAGE_STANDARD = gnu11;
				GCC_DYNAMIC_NO_PIC = NO;
				GCC_NO_COMMON_BLOCKS = YES;
				GCC_OPTIMIZATION_LEVEL = 0;
				GCC_PREPROCESSOR_DEFINITIONS = (
					"DEBUG=1",
					"$(inherited)",
				);
				GCC_WARN_64_TO_32_BIT_CONVERSION = YES;
				GCC_WARN_ABOUT_RETURN_TYPE = YES_ERROR;
				GCC_WARN_UNDECLARED_SELECTOR = YES;
				GCC_WARN_UNINITIALIZED_AUTOS = YES_AGGRESSIVE;
				GCC_WARN_UNUSED_FUNCTION = YES;
				GCC_WARN_UNUSED_VARIABLE = YES;
				IPHONEOS_DEPLOYMENT_TARGET = 13.2;
				MTL_ENABLE_DEBUG_INFO = INCLUDE_SOURCE;
				MTL_FAST_MATH = YES;
				ONLY_ACTIVE_ARCH = YES;
				SDKROOT = iphoneos;
			};
			name = Debug;
		};
		C979D3752403B1F10086A6C5 /* Release */ = {
			isa = XCBuildConfiguration;
			buildSettings = {
				ALWAYS_SEARCH_USER_PATHS = NO;
				CLANG_ANALYZER_NONNULL = YES;
				CLANG_ANALYZER_NUMBER_OBJECT_CONVERSION = YES_AGGRESSIVE;
				CLANG_CXX_LANGUAGE_STANDARD = "gnu++14";
				CLANG_CXX_LIBRARY = "libc++";
				CLANG_ENABLE_MODULES = YES;
				CLANG_ENABLE_OBJC_ARC = YES;
				CLANG_ENABLE_OBJC_WEAK = YES;
				CLANG_WARN_BLOCK_CAPTURE_AUTORELEASING = YES;
				CLANG_WARN_BOOL_CONVERSION = YES;
				CLANG_WARN_COMMA = YES;
				CLANG_WARN_CONSTANT_CONVERSION = YES;
				CLANG_WARN_DEPRECATED_OBJC_IMPLEMENTATIONS = YES;
				CLANG_WARN_DIRECT_OBJC_ISA_USAGE = YES_ERROR;
				CLANG_WARN_DOCUMENTATION_COMMENTS = YES;
				CLANG_WARN_EMPTY_BODY = YES;
				CLANG_WARN_ENUM_CONVERSION = YES;
				CLANG_WARN_INFINITE_RECURSION = YES;
				CLANG_WARN_INT_CONVERSION = YES;
				CLANG_WARN_NON_LITERAL_NULL_CONVERSION = YES;
				CLANG_WARN_OBJC_IMPLICIT_RETAIN_SELF = YES;
				CLANG_WARN_OBJC_LITERAL_CONVERSION = YES;
				CLANG_WARN_OBJC_ROOT_CLASS = YES_ERROR;
				CLANG_WARN_RANGE_LOOP_ANALYSIS = YES;
				CLANG_WARN_STRICT_PROTOTYPES = YES;
				CLANG_WARN_SUSPICIOUS_MOVE = YES;
				CLANG_WARN_UNGUARDED_AVAILABILITY = YES_AGGRESSIVE;
				CLANG_WARN_UNREACHABLE_CODE = YES;
				CLANG_WARN__DUPLICATE_METHOD_MATCH = YES;
				COPY_PHASE_STRIP = NO;
				DEBUG_INFORMATION_FORMAT = "dwarf-with-dsym";
				ENABLE_NS_ASSERTIONS = NO;
				ENABLE_STRICT_OBJC_MSGSEND = YES;
				GCC_C_LANGUAGE_STANDARD = gnu11;
				GCC_NO_COMMON_BLOCKS = YES;
				GCC_WARN_64_TO_32_BIT_CONVERSION = YES;
				GCC_WARN_ABOUT_RETURN_TYPE = YES_ERROR;
				GCC_WARN_UNDECLARED_SELECTOR = YES;
				GCC_WARN_UNINITIALIZED_AUTOS = YES_AGGRESSIVE;
				GCC_WARN_UNUSED_FUNCTION = YES;
				GCC_WARN_UNUSED_VARIABLE = YES;
				IPHONEOS_DEPLOYMENT_TARGET = 13.2;
				MTL_ENABLE_DEBUG_INFO = NO;
				MTL_FAST_MATH = YES;
				SDKROOT = iphoneos;
				VALIDATE_PRODUCT = YES;
			};
			name = Release;
		};
		C979D3772403B1F10086A6C5 /* Debug */ = {
			isa = XCBuildConfiguration;
			buildSettings = {
				ASSETCATALOG_COMPILER_APPICON_NAME = AppIcon;
				CODE_SIGN_STYLE = Automatic;
				DEVELOPMENT_TEAM = TBB93D45A4;
				INFOPLIST_FILE = VerticalTextView/Info.plist;
				LD_RUNPATH_SEARCH_PATHS = (
					"$(inherited)",
					"@executable_path/Frameworks",
				);
				PRODUCT_BUNDLE_IDENTIFIER = com.Dostudio.VerticalTextView;
				PRODUCT_NAME = "$(TARGET_NAME)";
				TARGETED_DEVICE_FAMILY = "1,2";
			};
			name = Debug;
		};
		C979D3782403B1F10086A6C5 /* Release */ = {
			isa = XCBuildConfiguration;
			buildSettings = {
				ASSETCATALOG_COMPILER_APPICON_NAME = AppIcon;
				CODE_SIGN_STYLE = Automatic;
				DEVELOPMENT_TEAM = TBB93D45A4;
				INFOPLIST_FILE = VerticalTextView/Info.plist;
				LD_RUNPATH_SEARCH_PATHS = (
					"$(inherited)",
					"@executable_path/Frameworks",
				);
				PRODUCT_BUNDLE_IDENTIFIER = com.Dostudio.VerticalTextView;
				PRODUCT_NAME = "$(TARGET_NAME)";
				TARGETED_DEVICE_FAMILY = "1,2";
			};
			name = Release;
		};
/* End XCBuildConfiguration section */

/* Begin XCConfigurationList section */
		C979D3582403B1EE0086A6C5 /* Build configuration list for PBXProject "VerticalTextView" */ = {
			isa = XCConfigurationList;
			buildConfigurations = (
				C979D3742403B1F10086A6C5 /* Debug */,
				C979D3752403B1F10086A6C5 /* Release */,
			);
			defaultConfigurationIsVisible = 0;
			defaultConfigurationName = Release;
		};
		C979D3762403B1F10086A6C5 /* Build configuration list for PBXNativeTarget "VerticalTextView" */ = {
			isa = XCConfigurationList;
			buildConfigurations = (
				C979D3772403B1F10086A6C5 /* Debug */,
				C979D3782403B1F10086A6C5 /* Release */,
			);
			defaultConfigurationIsVisible = 0;
			defaultConfigurationName = Release;
		};
/* End XCConfigurationList section */
	};
	rootObject = C979D3552403B1EE0086A6C5 /* Project object */;
}
